
Microsoft Visual Studio Solution File, Format Version 12.00
# Visual Studio Version 17
VisualStudioVersion = 17.9.34607.119
MinimumVisualStudioVersion = 10.0.40219.1
Project("{8BC9CEB8-8B4A-11D0-8D11-00A0C91BC942}") = "ListaSimplaExercitiu", "ListaSimplaExercitiu\ListaSimplaExercitiu.vcxproj", "{F16AF51D-720B-4411-BB8E-BC9120C0A288}"
EndProject
Global
	GlobalSection(SolutionConfigurationPlatforms) = preSolution
		Debug|x64 = Debug|x64
		Debug|x86 = Debug|x86
		Release|x64 = Release|x64
		Release|x86 = Release|x86
	EndGlobalSection
	GlobalSection(ProjectConfigurationPlatforms) = postSolution
		{F16AF51D-720B-4411-BB8E-BC9120C0A288}.Debug|x64.ActiveCfg = Debug|x64
		{F16AF51D-720B-4411-BB8E-BC9120C0A288}.Debug|x64.Build.0 = Debug|x64
		{F16AF51D-720B-4411-BB8E-BC9120C0A288}.Debug|x86.ActiveCfg = Debug|Win32
		{F16AF51D-720B-4411-BB8E-BC9120C0A288}.Debug|x86.Build.0 = Debug|Win32
		{F16AF51D-720B-4411-BB8E-BC9120C0A288}.Release|x64.ActiveCfg = Release|x64
		{F16AF51D-720B-4411-BB8E-BC9120C0A288}.Release|x64.Build.0 = Release|x64
		{F16AF51D-720B-4411-BB8E-BC9120C0A288}.Release|x86.ActiveCfg = Release|Win32
		{F16AF51D-720B-4411-BB8E-BC9120C0A288}.Release|x86.Build.0 = Release|Win32
	EndGlobalSection
	GlobalSection(SolutionProperties) = preSolution
		HideSolutionNode = FALSE
	EndGlobalSection
	GlobalSection(ExtensibilityGlobals) = postSolution
		SolutionGuid = {18F75AB1-43D9-4EC4-AA72-090063778FB9}
	EndGlobalSection
EndGlobal
